Microsoft Visual Studio Solution File, Format Version 11.00
# Visual Studio 2008

Project("{1E38FC3E-5BC8-A020-5134-DAA8CC77BB3D}") = "Procedural_Turrain_Generator", "Assembly-CSharp.csproj", "{A26312C8-45AF-D971-A06D-6057F6B26A18}"
EndProject
Project("{1E38FC3E-5BC8-A020-5134-DAA8CC77BB3D}") = "Procedural_Turrain_Generator", "Assembly-CSharp-Editor.csproj", "{DBE927BD-3E6E-0EEA-E15A-B80803BB18F1}"
EndProject
Global
	GlobalSection(SolutionConfigurationPlatforms) = preSolution
		Debug|Any CPU = Debug|Any CPU
		Release|Any CPU = Release|Any CPU
	EndGlobalSection
	GlobalSection(ProjectConfigurationPlatforms) = postSolution
		{A26312C8-45AF-D971-A06D-6057F6B26A18}.Debug|Any CPU.ActiveCfg = Debug|Any CPU
		{A26312C8-45AF-D971-A06D-6057F6B26A18}.Debug|Any CPU.Build.0 = Debug|Any CPU
		{A26312C8-45AF-D971-A06D-6057F6B26A18}.Release|Any CPU.ActiveCfg = Release|Any CPU
		{A26312C8-45AF-D971-A06D-6057F6B26A18}.Release|Any CPU.Build.0 = Release|Any CPU
		{DBE927BD-3E6E-0EEA-E15A-B80803BB18F1}.Debug|Any CPU.ActiveCfg = Debug|Any CPU
		{DBE927BD-3E6E-0EEA-E15A-B80803BB18F1}.Debug|Any CPU.Build.0 = Debug|Any CPU
		{DBE927BD-3E6E-0EEA-E15A-B80803BB18F1}.Release|Any CPU.ActiveCfg = Release|Any CPU
		{DBE927BD-3E6E-0EEA-E15A-B80803BB18F1}.Release|Any CPU.Build.0 = Release|Any CPU
	EndGlobalSection
	GlobalSection(SolutionProperties) = preSolution
		HideSolutionNode = FALSE
	EndGlobalSection
	GlobalSection(MonoDevelopProperties) = preSolution
		StartupItem = Assembly-CSharp.csproj
	EndGlobalSection
EndGlobal
